
Microsoft Visual Studio Solution File, Format Version 12.00
# Visual Studio Version 16
VisualStudioVersion = 16.0.31702.278
MinimumVisualStudioVersion = 10.0.40219.1
Project("{FAE04EC0-301F-11D3-BF4B-00C04F79EFBC}") = "OrderManagement", "OrderManagement.csproj", "{DA6BC398-D9E5-4D4D-8CA7-13BE85B6041F}"
EndProject
Global
	GlobalSection(SolutionConfigurationPlatforms) = preSolution
		Debug|Any CPU = Debug|Any CPU
		Release|Any CPU = Release|Any CPU
	EndGlobalSection
	GlobalSection(ProjectConfigurationPlatforms) = postSolution
		{DA6BC398-D9E5-4D4D-8CA7-13BE85B6041F}.Debug|Any CPU.ActiveCfg = Debug|Any CPU
		{DA6BC398-D9E5-4D4D-8CA7-13BE85B6041F}.Debug|Any CPU.Build.0 = Debug|Any CPU
		{DA6BC398-D9E5-4D4D-8CA7-13BE85B6041F}.Release|Any CPU.ActiveCfg = Release|Any CPU
		{DA6BC398-D9E5-4D4D-8CA7-13BE85B6041F}.Release|Any CPU.Build.0 = Release|Any CPU
	EndGlobalSection
	GlobalSection(SolutionProperties) = preSolution
		HideSolutionNode = FALSE
	EndGlobalSection
	GlobalSection(ExtensibilityGlobals) = postSolution
		SolutionGuid = {54E8DA2F-CB53-4CC4-A6F9-1CDFFC6E70FB}
	EndGlobalSection
EndGlobal
